
Microsoft Visual Studio Solution File, Format Version 12.00
# Visual Studio Version 17
VisualStudioVersion = 17.1.32407.343
MinimumVisualStudioVersion = 10.0.40219.1
Project("{FAE04EC0-301F-11D3-BF4B-00C04F79EFBC}") = "CookingRecipesSystem.Server", "CookingRecipesSystem\Server\CookingRecipesSystem.Server.csproj", "{FB3ECD67-4494-4176-A81A-DA3A18158DEA}"
EndProject
Project("{FAE04EC0-301F-11D3-BF4B-00C04F79EFBC}") = "CookingRecipesSystem.Client", "CookingRecipesSystem\Client\CookingRecipesSystem.Client.csproj", "{A0D9447B-D20E-4E89-AD9F-6A1E09D5C7C9}"
EndProject
Project("{FAE04EC0-301F-11D3-BF4B-00C04F79EFBC}") = "CookingRecipesSystem.Shared", "CookingRecipesSystem\Shared\CookingRecipesSystem.Shared.csproj", "{30914AD4-F91F-4689-B7D2-FCDC72638C71}"
EndProject
Global
	GlobalSection(SolutionConfigurationPlatforms) = preSolution
		Debug|Any CPU = Debug|Any CPU
		Release|Any CPU = Release|Any CPU
	EndGlobalSection
	GlobalSection(ProjectConfigurationPlatforms) = postSolution
		{FB3ECD67-4494-4176-A81A-DA3A18158DEA}.Debug|Any CPU.ActiveCfg = Debug|Any CPU
		{FB3ECD67-4494-4176-A81A-DA3A18158DEA}.Debug|Any CPU.Build.0 = Debug|Any CPU
		{FB3ECD67-4494-4176-A81A-DA3A18158DEA}.Release|Any CPU.ActiveCfg = Release|Any CPU
		{FB3ECD67-4494-4176-A81A-DA3A18158DEA}.Release|Any CPU.Build.0 = Release|Any CPU
		{A0D9447B-D20E-4E89-AD9F-6A1E09D5C7C9}.Debug|Any CPU.ActiveCfg = Debug|Any CPU
		{A0D9447B-D20E-4E89-AD9F-6A1E09D5C7C9}.Debug|Any CPU.Build.0 = Debug|Any CPU
		{A0D9447B-D20E-4E89-AD9F-6A1E09D5C7C9}.Release|Any CPU.ActiveCfg = Release|Any CPU
		{A0D9447B-D20E-4E89-AD9F-6A1E09D5C7C9}.Release|Any CPU.Build.0 = Release|Any CPU
		{30914AD4-F91F-4689-B7D2-FCDC72638C71}.Debug|Any CPU.ActiveCfg = Debug|Any CPU
		{30914AD4-F91F-4689-B7D2-FCDC72638C71}.Debug|Any CPU.Build.0 = Debug|Any CPU
		{30914AD4-F91F-4689-B7D2-FCDC72638C71}.Release|Any CPU.ActiveCfg = Release|Any CPU
		{30914AD4-F91F-4689-B7D2-FCDC72638C71}.Release|Any CPU.Build.0 = Release|Any CPU
	EndGlobalSection
	GlobalSection(SolutionProperties) = preSolution
		HideSolutionNode = FALSE
	EndGlobalSection
	GlobalSection(ExtensibilityGlobals) = postSolution
		SolutionGuid = {5607EEC0-9657-4E8F-B1D5-65B422F15D95}
	EndGlobalSection
EndGlobal
