
Microsoft Visual Studio Solution File, Format Version 12.00
# Visual Studio Version 17
VisualStudioVersion = 17.1.32414.318
MinimumVisualStudioVersion = 10.0.40219.1
Project("{FAE04EC0-301F-11D3-BF4B-00C04F79EFBC}") = "CookingRecipesSystem.Server", "CookingRecipesSystem\Server\CookingRecipesSystem.Server.csproj", "{8C7C4688-D888-456B-9B8C-1B563A5B4957}"
EndProject
Project("{FAE04EC0-301F-11D3-BF4B-00C04F79EFBC}") = "CookingRecipesSystem.Client", "CookingRecipesSystem\Client\CookingRecipesSystem.Client.csproj", "{AAA3890E-8123-4455-8F3D-7256045A92CD}"
EndProject
Project("{FAE04EC0-301F-11D3-BF4B-00C04F79EFBC}") = "CookingRecipesSystem.Shared", "CookingRecipesSystem\Shared\CookingRecipesSystem.Shared.csproj", "{70838860-3B69-4F6C-8B76-89F788E56000}"
EndProject
Global
	GlobalSection(SolutionConfigurationPlatforms) = preSolution
		Debug|Any CPU = Debug|Any CPU
		Release|Any CPU = Release|Any CPU
	EndGlobalSection
	GlobalSection(ProjectConfigurationPlatforms) = postSolution
		{8C7C4688-D888-456B-9B8C-1B563A5B4957}.Debug|Any CPU.ActiveCfg = Debug|Any CPU
		{8C7C4688-D888-456B-9B8C-1B563A5B4957}.Debug|Any CPU.Build.0 = Debug|Any CPU
		{8C7C4688-D888-456B-9B8C-1B563A5B4957}.Release|Any CPU.ActiveCfg = Release|Any CPU
		{8C7C4688-D888-456B-9B8C-1B563A5B4957}.Release|Any CPU.Build.0 = Release|Any CPU
		{AAA3890E-8123-4455-8F3D-7256045A92CD}.Debug|Any CPU.ActiveCfg = Debug|Any CPU
		{AAA3890E-8123-4455-8F3D-7256045A92CD}.Debug|Any CPU.Build.0 = Debug|Any CPU
		{AAA3890E-8123-4455-8F3D-7256045A92CD}.Release|Any CPU.ActiveCfg = Release|Any CPU
		{AAA3890E-8123-4455-8F3D-7256045A92CD}.Release|Any CPU.Build.0 = Release|Any CPU
		{70838860-3B69-4F6C-8B76-89F788E56000}.Debug|Any CPU.ActiveCfg = Debug|Any CPU
		{70838860-3B69-4F6C-8B76-89F788E56000}.Debug|Any CPU.Build.0 = Debug|Any CPU
		{70838860-3B69-4F6C-8B76-89F788E56000}.Release|Any CPU.ActiveCfg = Release|Any CPU
		{70838860-3B69-4F6C-8B76-89F788E56000}.Release|Any CPU.Build.0 = Release|Any CPU
	EndGlobalSection
	GlobalSection(SolutionProperties) = preSolution
		HideSolutionNode = FALSE
	EndGlobalSection
	GlobalSection(ExtensibilityGlobals) = postSolution
		SolutionGuid = {E5BC7DA7-B8B3-4A1F-A07F-DABC5F603FD2}
	EndGlobalSection
EndGlobal
