
Microsoft Visual Studio Solution File, Format Version 12.00
# Visual Studio Version 17
VisualStudioVersion = 17.1.32414.318
MinimumVisualStudioVersion = 10.0.40219.1
Project("{9A19103F-16F7-4668-BE54-9A1E7A4F7556}") = "CookingRecipesSystem.Server", "CookingRecipesSystem\Server\CookingRecipesSystem.Server.csproj", "{8C7C4688-D888-456B-9B8C-1B563A5B4957}"
EndProject
Project("{9A19103F-16F7-4668-BE54-9A1E7A4F7556}") = "CookingRecipesSystem.Client", "CookingRecipesSystem\Client\CookingRecipesSystem.Client.csproj", "{AAA3890E-8123-4455-8F3D-7256045A92CD}"
EndProject
Project("{9A19103F-16F7-4668-BE54-9A1E7A4F7556}") = "CookingRecipesSystem.Shared", "CookingRecipesSystem\Shared\CookingRecipesSystem.Shared.csproj", "{70838860-3B69-4F6C-8B76-89F788E56000}"
EndProject
Project("{2150E333-8FDC-42A3-9474-1A3956D46DE8}") = "Solution Items", "Solution Items", "{E4346A57-2B35-49C9-971F-94C595B91828}"
	ProjectSection(SolutionItems) = preProject
		.editorconfig = .editorconfig
	EndProjectSection
EndProject
Project("{2150E333-8FDC-42A3-9474-1A3956D46DE8}") = "src", "src", "{5DA173AF-5A23-4BA2-92E1-9707B92CD60F}"
EndProject
Project("{2150E333-8FDC-42A3-9474-1A3956D46DE8}") = "tests", "tests", "{74C87F02-9EF6-4A49-86E8-91AF5ED8E3B2}"
EndProject
Project("{FAE04EC0-301F-11D3-BF4B-00C04F79EFBC}") = "Domain.UnitTests", "tests\Domain.UnitTests\Domain.UnitTests.csproj", "{FBC0EDC0-1194-4DD0-A14F-C5681F5858DB}"
EndProject
Global
	GlobalSection(SolutionConfigurationPlatforms) = preSolution
		Debug|Any CPU = Debug|Any CPU
		Release|Any CPU = Release|Any CPU
	EndGlobalSection
	GlobalSection(ProjectConfigurationPlatforms) = postSolution
		{8C7C4688-D888-456B-9B8C-1B563A5B4957}.Debug|Any CPU.ActiveCfg = Debug|Any CPU
		{8C7C4688-D888-456B-9B8C-1B563A5B4957}.Debug|Any CPU.Build.0 = Debug|Any CPU
		{8C7C4688-D888-456B-9B8C-1B563A5B4957}.Release|Any CPU.ActiveCfg = Release|Any CPU
		{8C7C4688-D888-456B-9B8C-1B563A5B4957}.Release|Any CPU.Build.0 = Release|Any CPU
		{AAA3890E-8123-4455-8F3D-7256045A92CD}.Debug|Any CPU.ActiveCfg = Debug|Any CPU
		{AAA3890E-8123-4455-8F3D-7256045A92CD}.Debug|Any CPU.Build.0 = Debug|Any CPU
		{AAA3890E-8123-4455-8F3D-7256045A92CD}.Release|Any CPU.ActiveCfg = Release|Any CPU
		{AAA3890E-8123-4455-8F3D-7256045A92CD}.Release|Any CPU.Build.0 = Release|Any CPU
		{70838860-3B69-4F6C-8B76-89F788E56000}.Debug|Any CPU.ActiveCfg = Debug|Any CPU
		{70838860-3B69-4F6C-8B76-89F788E56000}.Debug|Any CPU.Build.0 = Debug|Any CPU
		{70838860-3B69-4F6C-8B76-89F788E56000}.Release|Any CPU.ActiveCfg = Release|Any CPU
		{70838860-3B69-4F6C-8B76-89F788E56000}.Release|Any CPU.Build.0 = Release|Any CPU
		{FBC0EDC0-1194-4DD0-A14F-C5681F5858DB}.Debug|Any CPU.ActiveCfg = Debug|Any CPU
		{FBC0EDC0-1194-4DD0-A14F-C5681F5858DB}.Debug|Any CPU.Build.0 = Debug|Any CPU
		{FBC0EDC0-1194-4DD0-A14F-C5681F5858DB}.Release|Any CPU.ActiveCfg = Release|Any CPU
		{FBC0EDC0-1194-4DD0-A14F-C5681F5858DB}.Release|Any CPU.Build.0 = Release|Any CPU
	EndGlobalSection
	GlobalSection(SolutionProperties) = preSolution
		HideSolutionNode = FALSE
	EndGlobalSection
	GlobalSection(NestedProjects) = preSolution
		{8C7C4688-D888-456B-9B8C-1B563A5B4957} = {5DA173AF-5A23-4BA2-92E1-9707B92CD60F}
		{AAA3890E-8123-4455-8F3D-7256045A92CD} = {5DA173AF-5A23-4BA2-92E1-9707B92CD60F}
		{70838860-3B69-4F6C-8B76-89F788E56000} = {5DA173AF-5A23-4BA2-92E1-9707B92CD60F}
		{FBC0EDC0-1194-4DD0-A14F-C5681F5858DB} = {74C87F02-9EF6-4A49-86E8-91AF5ED8E3B2}
	EndGlobalSection
	GlobalSection(ExtensibilityGlobals) = postSolution
		SolutionGuid = {E5BC7DA7-B8B3-4A1F-A07F-DABC5F603FD2}
	EndGlobalSection
EndGlobal
